
Microsoft Visual Studio Solution File, Format Version 12.00
# Visual Studio Version 17
VisualStudioVersion = 17.3.32901.215
MinimumVisualStudioVersion = 10.0.40219.1
Project("{9A19103F-16F7-4668-BE54-9A1E7A4F7556}") = "MercadUM", "MercadUM.csproj", "{A7FD38C9-E792-40A5-A76C-6EAC18EC4407}"
EndProject
Global
	GlobalSection(SolutionConfigurationPlatforms) = preSolution
		Debug|Any CPU = Debug|Any CPU
		Release|Any CPU = Release|Any CPU
	EndGlobalSection
	GlobalSection(ProjectConfigurationPlatforms) = postSolution
		{A7FD38C9-E792-40A5-A76C-6EAC18EC4407}.Debug|Any CPU.ActiveCfg = Debug|Any CPU
		{A7FD38C9-E792-40A5-A76C-6EAC18EC4407}.Debug|Any CPU.Build.0 = Debug|Any CPU
		{A7FD38C9-E792-40A5-A76C-6EAC18EC4407}.Release|Any CPU.ActiveCfg = Release|Any CPU
		{A7FD38C9-E792-40A5-A76C-6EAC18EC4407}.Release|Any CPU.Build.0 = Release|Any CPU
	EndGlobalSection
	GlobalSection(SolutionProperties) = preSolution
		HideSolutionNode = FALSE
	EndGlobalSection
	GlobalSection(ExtensibilityGlobals) = postSolution
		SolutionGuid = {99391D21-F17B-44A9-A3BE-13BE0ECA5398}
	EndGlobalSection
EndGlobal
